
Microsoft Visual Studio Solution File, Format Version 12.00
# Visual Studio Version 17
VisualStudioVersion = 17.3.32804.467
MinimumVisualStudioVersion = 10.0.40219.1
Project("{9A19103F-16F7-4668-BE54-9A1E7A4F7556}") = "Discord.Interactions", "Discord.Interactions\Discord.Interactions.csproj", "{F8297059-9990-4739-95BF-707795A79C59}"
EndProject
Project("{2150E333-8FDC-42A3-9474-1A3956D46DE8}") = "Solution Items", "Solution Items", "{3656D3BE-2E09-4455-AD9B-A1D2D4BD2E2C}"
	ProjectSection(SolutionItems) = preProject
		README.md = README.md
	EndProjectSection
EndProject
Project("{9A19103F-16F7-4668-BE54-9A1E7A4F7556}") = "Egast.API", "Egast.API\Egast.API.csproj", "{90259C60-78E6-4E4A-9027-6C86FCE98152}"
EndProject
Project("{9A19103F-16F7-4668-BE54-9A1E7A4F7556}") = "Discord.Core", "Discord.Core\Discord.Core.csproj", "{C8C5C77D-BEBD-415A-9A7F-8FBEBCA30B64}"
EndProject
Global
	GlobalSection(SolutionConfigurationPlatforms) = preSolution
		Debug|Any CPU = Debug|Any CPU
		Release|Any CPU = Release|Any CPU
	EndGlobalSection
	GlobalSection(ProjectConfigurationPlatforms) = postSolution
		{F8297059-9990-4739-95BF-707795A79C59}.Debug|Any CPU.ActiveCfg = Debug|Any CPU
		{F8297059-9990-4739-95BF-707795A79C59}.Debug|Any CPU.Build.0 = Debug|Any CPU
		{F8297059-9990-4739-95BF-707795A79C59}.Release|Any CPU.ActiveCfg = Release|Any CPU
		{F8297059-9990-4739-95BF-707795A79C59}.Release|Any CPU.Build.0 = Release|Any CPU
		{90259C60-78E6-4E4A-9027-6C86FCE98152}.Debug|Any CPU.ActiveCfg = Debug|Any CPU
		{90259C60-78E6-4E4A-9027-6C86FCE98152}.Debug|Any CPU.Build.0 = Debug|Any CPU
		{90259C60-78E6-4E4A-9027-6C86FCE98152}.Release|Any CPU.ActiveCfg = Release|Any CPU
		{90259C60-78E6-4E4A-9027-6C86FCE98152}.Release|Any CPU.Build.0 = Release|Any CPU
		{C8C5C77D-BEBD-415A-9A7F-8FBEBCA30B64}.Debug|Any CPU.ActiveCfg = Debug|Any CPU
		{C8C5C77D-BEBD-415A-9A7F-8FBEBCA30B64}.Debug|Any CPU.Build.0 = Debug|Any CPU
		{C8C5C77D-BEBD-415A-9A7F-8FBEBCA30B64}.Release|Any CPU.ActiveCfg = Release|Any CPU
		{C8C5C77D-BEBD-415A-9A7F-8FBEBCA30B64}.Release|Any CPU.Build.0 = Release|Any CPU
	EndGlobalSection
	GlobalSection(SolutionProperties) = preSolution
		HideSolutionNode = FALSE
	EndGlobalSection
	GlobalSection(ExtensibilityGlobals) = postSolution
		SolutionGuid = {E0A7B943-65E8-4582-A2C2-D282CFC9DEDB}
	EndGlobalSection
EndGlobal
